{
    "name": "@toloka-tb/component2schema",
    "version": "1.13.8",
    "lockfileVersion": 1,
    "requires": true,
    "dependencies": {
        "@types/json-schema": {
            "version": "7.0.4",
            "resolved": "https://registry.npmjs.org/@types/json-schema/-/json-schema-7.0.4.tgz",
            "integrity": "sha512-8+KAKzEvSUdeo+kmqnKrqgeE+LcA0tjYWFY7RPProVYwnqDjukzO+3b6dLD56rYX5TdWejnEOLJYOIeh4CXKuA==",
            "dev": true
        },
        "json-schema": {
            "version": "0.2.5",
            "resolved": "https://registry.npmjs.org/json-schema/-/json-schema-0.2.5.tgz",
            "integrity": "sha512-gWJOWYFrhQ8j7pVm0EM8Slr+EPVq1Phf6lvzvD/WCeqkrx/f2xBI0xOsRRS9xCn3I4vKtP519dvs3TP09r24wQ==",
            "dev": true
        }
    }
}
