{
	"name": "@toloka-tb/common",
	"version": "1.3.5",
	"lockfileVersion": 2,
	"requires": true,
	"packages": {
		"": {
			"name": "@toloka-tb/common",
			"version": "1.3.5",
			"dependencies": {
				"@bem-react/core": "2.0.6",
				"@bem-react/di": "2.2.1",
				"@popperjs/core": "2.4.0",
				"@types/react-dom": "16.9.5",
				"@types/react-maskedinput": "4.0.4",
				"@yandex/ui": "2.18.3",
				"classnames": "2.2.6",
				"json-schema": "0.2.5",
				"react": "16.13.0",
				"react-dom": "16.13.0",
				"react-maskedinput": "4.0.1"
			},
			"devDependencies": {
				"@types/classnames": "2.2.9",
				"@types/json-schema": "7.0.4",
				"@types/react": "16.9.34"
			}
		},
		"node_modules/@bem-react/classname": {
			"version": "1.5.6",
			"resolved": "https://registry.npmjs.org/@bem-react/classname/-/classname-1.5.6.tgz",
			"integrity": "sha512-Fq8dzuJHUKAUt/FtBM04ibzN1iahSo7FJCfdqG9mxiu5K/LdZgFCeaRgF68vv0jmr9+WtR1h0IMz1vypQgnigQ=="
		},
		"node_modules/@bem-react/classnames": {
			"version": "1.3.7",
			"resolved": "https://registry.npmjs.org/@bem-react/classnames/-/classnames-1.3.7.tgz",
			"integrity": "sha512-MyX+Jt4Z3q8sBq77af5wnN4O19uRD7ZdA8S5+yNDfsPS1cb44+208hrtKINVDQp+CrBgq6CFSEgLURHo/s7whg=="
		},
		"node_modules/@bem-react/core": {
			"version": "2.0.6",
			"resolved": "https://registry.npmjs.org/@bem-react/core/-/core-2.0.6.tgz",
			"integrity": "sha512-G0BN4zI8u1YWZ6ZEO0rPiJrD+ZpMugnUuLOqHSY6OU1rhV6Np6FsxKmWquZKu3n6E+PK2ECB5uQKWi8HwyiIqw==",
			"dependencies": {
				"@bem-react/classname": "1.5.6",
				"@bem-react/classnames": "1.3.7"
			},
			"peerDependencies": {
				"react": "^16.8.0"
			}
		},
		"node_modules/@bem-react/di": {
			"version": "2.2.1",
			"resolved": "https://registry.npmjs.org/@bem-react/di/-/di-2.2.1.tgz",
			"integrity": "sha512-nhkx6vaFWE7EmSR3PqX3PhbujZfSCZMr2eNfoCJwQdYh/xgBUNHH+NBqAomycXmJOKagxgNPGjYEg8FyqZeD+w==",
			"peerDependencies": {
				"react": "^16.8.0"
			}
		},
		"node_modules/@popperjs/core": {
			"version": "2.4.0",
			"resolved": "https://registry.npmjs.org/@popperjs/core/-/core-2.4.0.tgz",
			"integrity": "sha512-NMrDy6EWh9TPdSRiHmHH2ye1v5U0gBD7pRYwSwJvomx7Bm4GG04vu63dYiVzebLOx2obPpJugew06xVP0Nk7hA==",
			"funding": {
				"type": "opencollective",
				"url": "https://opencollective.com/popperjs"
			}
		},
		"node_modules/@types/classnames": {
			"version": "2.2.9",
			"resolved": "https://registry.npmjs.org/@types/classnames/-/classnames-2.2.9.tgz",
			"integrity": "sha512-MNl+rT5UmZeilaPxAVs6YaPC2m6aA8rofviZbhbxpPpl61uKodfdQVsBtgJGTqGizEf02oW3tsVe7FYB8kK14A==",
			"dev": true
		},
		"node_modules/@types/json-schema": {
			"version": "7.0.4",
			"resolved": "https://registry.npmjs.org/@types/json-schema/-/json-schema-7.0.4.tgz",
			"integrity": "sha512-8+KAKzEvSUdeo+kmqnKrqgeE+LcA0tjYWFY7RPProVYwnqDjukzO+3b6dLD56rYX5TdWejnEOLJYOIeh4CXKuA==",
			"dev": true
		},
		"node_modules/@types/prop-types": {
			"version": "15.7.5",
			"resolved": "https://registry.npmjs.org/@types/prop-types/-/prop-types-15.7.5.tgz",
			"integrity": "sha512-JCB8C6SnDoQf0cNycqd/35A7MjcnK+ZTqE7judS6o7utxUCg6imJg3QK2qzHKszlTjcj2cn+NwMB2i96ubpj7w=="
		},
		"node_modules/@types/react": {
			"version": "16.9.34",
			"resolved": "https://registry.npmjs.org/@types/react/-/react-16.9.34.tgz",
			"integrity": "sha512-8AJlYMOfPe1KGLKyHpflCg5z46n0b5DbRfqDksxBLBTUpB75ypDBAO9eCUcjNwE6LCUslwTz00yyG/X9gaVtow==",
			"dev": true,
			"dependencies": {
				"@types/prop-types": "*",
				"csstype": "^2.2.0"
			}
		},
		"node_modules/@types/react-dom": {
			"version": "16.9.5",
			"resolved": "https://registry.npmjs.org/@types/react-dom/-/react-dom-16.9.5.tgz",
			"integrity": "sha512-BX6RQ8s9D+2/gDhxrj8OW+YD4R+8hj7FEM/OJHGNR0KipE1h1mSsf39YeyC81qafkq+N3rU3h3RFbLSwE5VqUg==",
			"dependencies": {
				"@types/react": "*"
			}
		},
		"node_modules/@types/react-dom/node_modules/@types/react": {
			"version": "18.2.21",
			"resolved": "https://registry.npmjs.org/@types/react/-/react-18.2.21.tgz",
			"integrity": "sha512-neFKG/sBAwGxHgXiIxnbm3/AAVQ/cMRS93hvBpg8xYRbeQSPVABp9U2bRnPf0iI4+Ucdv3plSxKK+3CW2ENJxA==",
			"dependencies": {
				"@types/prop-types": "*",
				"@types/scheduler": "*",
				"csstype": "^3.0.2"
			}
		},
		"node_modules/@types/react-maskedinput": {
			"version": "4.0.4",
			"resolved": "https://registry.npmjs.org/@types/react-maskedinput/-/react-maskedinput-4.0.4.tgz",
			"integrity": "sha512-sMR4X2a4hKK77W0rBWtBPkoallrCbhT4mcg8dyGNMW7uMabGZ23uhJGleheUNQ5mYsVJIDl3IXGn3m49qigDQA==",
			"dependencies": {
				"@types/react": "*"
			}
		},
		"node_modules/@types/react-maskedinput/node_modules/@types/react": {
			"version": "18.2.21",
			"resolved": "https://registry.npmjs.org/@types/react/-/react-18.2.21.tgz",
			"integrity": "sha512-neFKG/sBAwGxHgXiIxnbm3/AAVQ/cMRS93hvBpg8xYRbeQSPVABp9U2bRnPf0iI4+Ucdv3plSxKK+3CW2ENJxA==",
			"dependencies": {
				"@types/prop-types": "*",
				"@types/scheduler": "*",
				"csstype": "^3.0.2"
			}
		},
		"node_modules/@types/react/node_modules/csstype": {
			"version": "2.6.21",
			"resolved": "https://registry.npmjs.org/csstype/-/csstype-2.6.21.tgz",
			"integrity": "sha512-Z1PhmomIfypOpoMjRQB70jfvy/wxT50qW08YXO5lMIJkrdq4yOTR+AW7FqutScmB9NkLwxo+jU+kZLbofZZq/w==",
			"dev": true
		},
		"node_modules/@types/scheduler": {
			"version": "0.16.3",
			"resolved": "https://registry.npmjs.org/@types/scheduler/-/scheduler-0.16.3.tgz",
			"integrity": "sha512-5cJ8CB4yAx7BH1oMvdU0Jh9lrEXyPkar6F9G/ERswkCuvP4KQZfZkSjcMbAICCpQTN4OuZn8tz0HiKv9TGZgrQ=="
		},
		"node_modules/@yandex/ui": {
			"version": "2.18.3",
			"resolved": "https://registry.npmjs.org/@yandex/ui/-/ui-2.18.3.tgz",
			"integrity": "sha512-044nFOqsZGdNsBBcUg8SNDELTOA3eBw1CfsJhvWxRJ47uQaEMMcY0uFDglECaO0BFj/75IYJTPGYslb4ar2tog==",
			"dependencies": {
				"tslib": "^1.9.3"
			},
			"peerDependencies": {
				"@bem-react/classname": "^1.5.6",
				"@bem-react/core": "^2.0.6",
				"@bem-react/di": "^2.0.3",
				"react": "^16.8.4",
				"react-dom": "^16.8.4"
			}
		},
		"node_modules/classnames": {
			"version": "2.2.6",
			"resolved": "https://registry.npmjs.org/classnames/-/classnames-2.2.6.tgz",
			"integrity": "sha512-JR/iSQOSt+LQIWwrwEzJ9uk0xfN3mTVYMwt1Ir5mUcSN6pU+V4zQFFaJsclJbPuAUQH+yfWef6tm7l1quW3C8Q=="
		},
		"node_modules/csstype": {
			"version": "3.1.2",
			"resolved": "https://registry.npmjs.org/csstype/-/csstype-3.1.2.tgz",
			"integrity": "sha512-I7K1Uu0MBPzaFKg4nI5Q7Vs2t+3gWWW648spaF+Rg7pI9ds18Ugn+lvg4SHczUdKlHI5LWBXyqfS8+DufyBsgQ=="
		},
		"node_modules/inputmask-core": {
			"version": "2.2.0",
			"resolved": "https://registry.npmjs.org/inputmask-core/-/inputmask-core-2.2.0.tgz",
			"integrity": "sha512-CAYFk/wqjfa8c3uexOOQymDaRFK1TUpiNfLyXgiVYbY00G5lvAAngs+h1l/fHOC1oQ6S4gMI2JC0WKwzY94qJg=="
		},
		"node_modules/js-tokens": {
			"version": "4.0.0",
			"resolved": "https://registry.npmjs.org/js-tokens/-/js-tokens-4.0.0.tgz",
			"integrity": "sha512-RdJUflcE3cUzKiMqQgsCu06FPu9UdIJO0beYbPhHN4k6apgJtifcoCtT9bcxOpYBtpD2kCM6Sbzg4CausW/PKQ=="
		},
		"node_modules/json-schema": {
			"version": "0.2.5",
			"resolved": "https://registry.npmjs.org/json-schema/-/json-schema-0.2.5.tgz",
			"integrity": "sha512-gWJOWYFrhQ8j7pVm0EM8Slr+EPVq1Phf6lvzvD/WCeqkrx/f2xBI0xOsRRS9xCn3I4vKtP519dvs3TP09r24wQ=="
		},
		"node_modules/loose-envify": {
			"version": "1.4.0",
			"resolved": "https://registry.npmjs.org/loose-envify/-/loose-envify-1.4.0.tgz",
			"integrity": "sha512-lyuxPGr/Wfhrlem2CL/UcnUc1zcqKAImBDzukY7Y5F/yQiNdko6+fRLevlw1HgMySw7f611UIY408EtxRSoK3Q==",
			"dependencies": {
				"js-tokens": "^3.0.0 || ^4.0.0"
			},
			"bin": {
				"loose-envify": "cli.js"
			}
		},
		"node_modules/object-assign": {
			"version": "4.1.1",
			"resolved": "https://registry.npmjs.org/object-assign/-/object-assign-4.1.1.tgz",
			"integrity": "sha512-rJgTQnkUnH1sFw8yT6VSU3zD3sWmu6sZhIseY8VX+GRu3P6F7Fu+JNDoXfklElbLJSnc3FUQHVe4cU5hj+BcUg==",
			"engines": {
				"node": ">=0.10.0"
			}
		},
		"node_modules/prop-types": {
			"version": "15.8.1",
			"resolved": "https://registry.npmjs.org/prop-types/-/prop-types-15.8.1.tgz",
			"integrity": "sha512-oj87CgZICdulUohogVAR7AjlC0327U4el4L6eAvOqCeudMDVU0NThNaV+b9Df4dXgSP1gXMTnPdhfe/2qDH5cg==",
			"dependencies": {
				"loose-envify": "^1.4.0",
				"object-assign": "^4.1.1",
				"react-is": "^16.13.1"
			}
		},
		"node_modules/react": {
			"version": "16.13.0",
			"resolved": "https://registry.npmjs.org/react/-/react-16.13.0.tgz",
			"integrity": "sha512-TSavZz2iSLkq5/oiE7gnFzmURKZMltmi193rm5HEoUDAXpzT9Kzw6oNZnGoai/4+fUnm7FqS5dwgUL34TujcWQ==",
			"dependencies": {
				"loose-envify": "^1.1.0",
				"object-assign": "^4.1.1",
				"prop-types": "^15.6.2"
			},
			"engines": {
				"node": ">=0.10.0"
			}
		},
		"node_modules/react-dom": {
			"version": "16.13.0",
			"resolved": "https://registry.npmjs.org/react-dom/-/react-dom-16.13.0.tgz",
			"integrity": "sha512-y09d2c4cG220DzdlFkPTnVvGTszVvNpC73v+AaLGLHbkpy3SSgvYq8x0rNwPJ/Rk/CicTNgk0hbHNw1gMEZAXg==",
			"dependencies": {
				"loose-envify": "^1.1.0",
				"object-assign": "^4.1.1",
				"prop-types": "^15.6.2",
				"scheduler": "^0.19.0"
			},
			"peerDependencies": {
				"react": "^16.0.0"
			}
		},
		"node_modules/react-is": {
			"version": "16.13.1",
			"resolved": "https://registry.npmjs.org/react-is/-/react-is-16.13.1.tgz",
			"integrity": "sha512-24e6ynE2H+OKt4kqsOvNd8kBpV65zoxbA4BVsEOB3ARVWQki/DHzaUoC5KuON/BiccDaCCTZBuOcfZs70kR8bQ=="
		},
		"node_modules/react-maskedinput": {
			"version": "4.0.1",
			"resolved": "https://registry.npmjs.org/react-maskedinput/-/react-maskedinput-4.0.1.tgz",
			"integrity": "sha512-wWIGtJOYmFJFJl7ojJgE2oB7MKLE3QkXtB54UoXyYtvGL3Jni51a1LKAK39U/6Gh5OR3VAgFMdiPApbFw2ALrg==",
			"dependencies": {
				"inputmask-core": "^2.1.1",
				"prop-types": "^15.5.7"
			},
			"peerDependencies": {
				"react": "^0.14.9 || ^15.3.0 || ^16.0.0"
			}
		},
		"node_modules/scheduler": {
			"version": "0.19.1",
			"resolved": "https://registry.npmjs.org/scheduler/-/scheduler-0.19.1.tgz",
			"integrity": "sha512-n/zwRWRYSUj0/3g/otKDRPMh6qv2SYMWNq85IEa8iZyAv8od9zDYpGSnpBEjNgcMNq6Scbu5KfIPxNF72R/2EA==",
			"dependencies": {
				"loose-envify": "^1.1.0",
				"object-assign": "^4.1.1"
			}
		},
		"node_modules/tslib": {
			"version": "1.14.1",
			"resolved": "https://registry.npmjs.org/tslib/-/tslib-1.14.1.tgz",
			"integrity": "sha512-Xni35NKzjgMrwevysHTCArtLDpPvye8zV/0E4EyYn43P7/7qvQwPh9BGkHewbMulVntbigmcT7rdX3BNo9wRJg=="
		}
	},
	"dependencies": {
		"@bem-react/classname": {
			"version": "1.5.6",
			"resolved": "https://registry.npmjs.org/@bem-react/classname/-/classname-1.5.6.tgz",
			"integrity": "sha512-Fq8dzuJHUKAUt/FtBM04ibzN1iahSo7FJCfdqG9mxiu5K/LdZgFCeaRgF68vv0jmr9+WtR1h0IMz1vypQgnigQ=="
		},
		"@bem-react/classnames": {
			"version": "1.3.7",
			"resolved": "https://registry.npmjs.org/@bem-react/classnames/-/classnames-1.3.7.tgz",
			"integrity": "sha512-MyX+Jt4Z3q8sBq77af5wnN4O19uRD7ZdA8S5+yNDfsPS1cb44+208hrtKINVDQp+CrBgq6CFSEgLURHo/s7whg=="
		},
		"@bem-react/core": {
			"version": "2.0.6",
			"resolved": "https://registry.npmjs.org/@bem-react/core/-/core-2.0.6.tgz",
			"integrity": "sha512-G0BN4zI8u1YWZ6ZEO0rPiJrD+ZpMugnUuLOqHSY6OU1rhV6Np6FsxKmWquZKu3n6E+PK2ECB5uQKWi8HwyiIqw==",
			"requires": {
				"@bem-react/classname": "1.5.6",
				"@bem-react/classnames": "1.3.7"
			}
		},
		"@bem-react/di": {
			"version": "2.2.1",
			"resolved": "https://registry.npmjs.org/@bem-react/di/-/di-2.2.1.tgz",
			"integrity": "sha512-nhkx6vaFWE7EmSR3PqX3PhbujZfSCZMr2eNfoCJwQdYh/xgBUNHH+NBqAomycXmJOKagxgNPGjYEg8FyqZeD+w=="
		},
		"@popperjs/core": {
			"version": "2.4.0",
			"resolved": "https://registry.npmjs.org/@popperjs/core/-/core-2.4.0.tgz",
			"integrity": "sha512-NMrDy6EWh9TPdSRiHmHH2ye1v5U0gBD7pRYwSwJvomx7Bm4GG04vu63dYiVzebLOx2obPpJugew06xVP0Nk7hA=="
		},
		"@types/classnames": {
			"version": "2.2.9",
			"resolved": "https://registry.npmjs.org/@types/classnames/-/classnames-2.2.9.tgz",
			"integrity": "sha512-MNl+rT5UmZeilaPxAVs6YaPC2m6aA8rofviZbhbxpPpl61uKodfdQVsBtgJGTqGizEf02oW3tsVe7FYB8kK14A==",
			"dev": true
		},
		"@types/json-schema": {
			"version": "7.0.4",
			"resolved": "https://registry.npmjs.org/@types/json-schema/-/json-schema-7.0.4.tgz",
			"integrity": "sha512-8+KAKzEvSUdeo+kmqnKrqgeE+LcA0tjYWFY7RPProVYwnqDjukzO+3b6dLD56rYX5TdWejnEOLJYOIeh4CXKuA==",
			"dev": true
		},
		"@types/prop-types": {
			"version": "15.7.5",
			"resolved": "https://registry.npmjs.org/@types/prop-types/-/prop-types-15.7.5.tgz",
			"integrity": "sha512-JCB8C6SnDoQf0cNycqd/35A7MjcnK+ZTqE7judS6o7utxUCg6imJg3QK2qzHKszlTjcj2cn+NwMB2i96ubpj7w=="
		},
		"@types/react": {
			"version": "16.9.34",
			"resolved": "https://registry.npmjs.org/@types/react/-/react-16.9.34.tgz",
			"integrity": "sha512-8AJlYMOfPe1KGLKyHpflCg5z46n0b5DbRfqDksxBLBTUpB75ypDBAO9eCUcjNwE6LCUslwTz00yyG/X9gaVtow==",
			"dev": true,
			"requires": {
				"@types/prop-types": "*",
				"csstype": "^2.2.0"
			},
			"dependencies": {
				"csstype": {
					"version": "2.6.21",
					"resolved": "https://registry.npmjs.org/csstype/-/csstype-2.6.21.tgz",
					"integrity": "sha512-Z1PhmomIfypOpoMjRQB70jfvy/wxT50qW08YXO5lMIJkrdq4yOTR+AW7FqutScmB9NkLwxo+jU+kZLbofZZq/w==",
					"dev": true
				}
			}
		},
		"@types/react-dom": {
			"version": "16.9.5",
			"resolved": "https://registry.npmjs.org/@types/react-dom/-/react-dom-16.9.5.tgz",
			"integrity": "sha512-BX6RQ8s9D+2/gDhxrj8OW+YD4R+8hj7FEM/OJHGNR0KipE1h1mSsf39YeyC81qafkq+N3rU3h3RFbLSwE5VqUg==",
			"requires": {
				"@types/react": "*"
			},
			"dependencies": {
				"@types/react": {
					"version": "18.2.21",
					"resolved": "https://registry.npmjs.org/@types/react/-/react-18.2.21.tgz",
					"integrity": "sha512-neFKG/sBAwGxHgXiIxnbm3/AAVQ/cMRS93hvBpg8xYRbeQSPVABp9U2bRnPf0iI4+Ucdv3plSxKK+3CW2ENJxA==",
					"requires": {
						"@types/prop-types": "*",
						"@types/scheduler": "*",
						"csstype": "^3.0.2"
					}
				}
			}
		},
		"@types/react-maskedinput": {
			"version": "4.0.4",
			"resolved": "https://registry.npmjs.org/@types/react-maskedinput/-/react-maskedinput-4.0.4.tgz",
			"integrity": "sha512-sMR4X2a4hKK77W0rBWtBPkoallrCbhT4mcg8dyGNMW7uMabGZ23uhJGleheUNQ5mYsVJIDl3IXGn3m49qigDQA==",
			"requires": {
				"@types/react": "*"
			},
			"dependencies": {
				"@types/react": {
					"version": "18.2.21",
					"resolved": "https://registry.npmjs.org/@types/react/-/react-18.2.21.tgz",
					"integrity": "sha512-neFKG/sBAwGxHgXiIxnbm3/AAVQ/cMRS93hvBpg8xYRbeQSPVABp9U2bRnPf0iI4+Ucdv3plSxKK+3CW2ENJxA==",
					"requires": {
						"@types/prop-types": "*",
						"@types/scheduler": "*",
						"csstype": "^3.0.2"
					}
				}
			}
		},
		"@types/scheduler": {
			"version": "0.16.3",
			"resolved": "https://registry.npmjs.org/@types/scheduler/-/scheduler-0.16.3.tgz",
			"integrity": "sha512-5cJ8CB4yAx7BH1oMvdU0Jh9lrEXyPkar6F9G/ERswkCuvP4KQZfZkSjcMbAICCpQTN4OuZn8tz0HiKv9TGZgrQ=="
		},
		"@yandex/ui": {
			"version": "2.18.3",
			"resolved": "https://registry.npmjs.org/@yandex/ui/-/ui-2.18.3.tgz",
			"integrity": "sha512-044nFOqsZGdNsBBcUg8SNDELTOA3eBw1CfsJhvWxRJ47uQaEMMcY0uFDglECaO0BFj/75IYJTPGYslb4ar2tog==",
			"requires": {
				"tslib": "^1.9.3"
			}
		},
		"classnames": {
			"version": "2.2.6",
			"resolved": "https://registry.npmjs.org/classnames/-/classnames-2.2.6.tgz",
			"integrity": "sha512-JR/iSQOSt+LQIWwrwEzJ9uk0xfN3mTVYMwt1Ir5mUcSN6pU+V4zQFFaJsclJbPuAUQH+yfWef6tm7l1quW3C8Q=="
		},
		"csstype": {
			"version": "3.1.2",
			"resolved": "https://registry.npmjs.org/csstype/-/csstype-3.1.2.tgz",
			"integrity": "sha512-I7K1Uu0MBPzaFKg4nI5Q7Vs2t+3gWWW648spaF+Rg7pI9ds18Ugn+lvg4SHczUdKlHI5LWBXyqfS8+DufyBsgQ=="
		},
		"inputmask-core": {
			"version": "2.2.0",
			"resolved": "https://registry.npmjs.org/inputmask-core/-/inputmask-core-2.2.0.tgz",
			"integrity": "sha512-CAYFk/wqjfa8c3uexOOQymDaRFK1TUpiNfLyXgiVYbY00G5lvAAngs+h1l/fHOC1oQ6S4gMI2JC0WKwzY94qJg=="
		},
		"js-tokens": {
			"version": "4.0.0",
			"resolved": "https://registry.npmjs.org/js-tokens/-/js-tokens-4.0.0.tgz",
			"integrity": "sha512-RdJUflcE3cUzKiMqQgsCu06FPu9UdIJO0beYbPhHN4k6apgJtifcoCtT9bcxOpYBtpD2kCM6Sbzg4CausW/PKQ=="
		},
		"json-schema": {
			"version": "0.2.5",
			"resolved": "https://registry.npmjs.org/json-schema/-/json-schema-0.2.5.tgz",
			"integrity": "sha512-gWJOWYFrhQ8j7pVm0EM8Slr+EPVq1Phf6lvzvD/WCeqkrx/f2xBI0xOsRRS9xCn3I4vKtP519dvs3TP09r24wQ=="
		},
		"loose-envify": {
			"version": "1.4.0",
			"resolved": "https://registry.npmjs.org/loose-envify/-/loose-envify-1.4.0.tgz",
			"integrity": "sha512-lyuxPGr/Wfhrlem2CL/UcnUc1zcqKAImBDzukY7Y5F/yQiNdko6+fRLevlw1HgMySw7f611UIY408EtxRSoK3Q==",
			"requires": {
				"js-tokens": "^3.0.0 || ^4.0.0"
			}
		},
		"object-assign": {
			"version": "4.1.1",
			"resolved": "https://registry.npmjs.org/object-assign/-/object-assign-4.1.1.tgz",
			"integrity": "sha512-rJgTQnkUnH1sFw8yT6VSU3zD3sWmu6sZhIseY8VX+GRu3P6F7Fu+JNDoXfklElbLJSnc3FUQHVe4cU5hj+BcUg=="
		},
		"prop-types": {
			"version": "15.8.1",
			"resolved": "https://registry.npmjs.org/prop-types/-/prop-types-15.8.1.tgz",
			"integrity": "sha512-oj87CgZICdulUohogVAR7AjlC0327U4el4L6eAvOqCeudMDVU0NThNaV+b9Df4dXgSP1gXMTnPdhfe/2qDH5cg==",
			"requires": {
				"loose-envify": "^1.4.0",
				"object-assign": "^4.1.1",
				"react-is": "^16.13.1"
			}
		},
		"react": {
			"version": "16.13.0",
			"resolved": "https://registry.npmjs.org/react/-/react-16.13.0.tgz",
			"integrity": "sha512-TSavZz2iSLkq5/oiE7gnFzmURKZMltmi193rm5HEoUDAXpzT9Kzw6oNZnGoai/4+fUnm7FqS5dwgUL34TujcWQ==",
			"requires": {
				"loose-envify": "^1.1.0",
				"object-assign": "^4.1.1",
				"prop-types": "^15.6.2"
			}
		},
		"react-dom": {
			"version": "16.13.0",
			"resolved": "https://registry.npmjs.org/react-dom/-/react-dom-16.13.0.tgz",
			"integrity": "sha512-y09d2c4cG220DzdlFkPTnVvGTszVvNpC73v+AaLGLHbkpy3SSgvYq8x0rNwPJ/Rk/CicTNgk0hbHNw1gMEZAXg==",
			"requires": {
				"loose-envify": "^1.1.0",
				"object-assign": "^4.1.1",
				"prop-types": "^15.6.2",
				"scheduler": "^0.19.0"
			}
		},
		"react-is": {
			"version": "16.13.1",
			"resolved": "https://registry.npmjs.org/react-is/-/react-is-16.13.1.tgz",
			"integrity": "sha512-24e6ynE2H+OKt4kqsOvNd8kBpV65zoxbA4BVsEOB3ARVWQki/DHzaUoC5KuON/BiccDaCCTZBuOcfZs70kR8bQ=="
		},
		"react-maskedinput": {
			"version": "4.0.1",
			"resolved": "https://registry.npmjs.org/react-maskedinput/-/react-maskedinput-4.0.1.tgz",
			"integrity": "sha512-wWIGtJOYmFJFJl7ojJgE2oB7MKLE3QkXtB54UoXyYtvGL3Jni51a1LKAK39U/6Gh5OR3VAgFMdiPApbFw2ALrg==",
			"requires": {
				"inputmask-core": "^2.1.1",
				"prop-types": "^15.5.7"
			}
		},
		"scheduler": {
			"version": "0.19.1",
			"resolved": "https://registry.npmjs.org/scheduler/-/scheduler-0.19.1.tgz",
			"integrity": "sha512-n/zwRWRYSUj0/3g/otKDRPMh6qv2SYMWNq85IEa8iZyAv8od9zDYpGSnpBEjNgcMNq6Scbu5KfIPxNF72R/2EA==",
			"requires": {
				"loose-envify": "^1.1.0",
				"object-assign": "^4.1.1"
			}
		},
		"tslib": {
			"version": "1.14.1",
			"resolved": "https://registry.npmjs.org/tslib/-/tslib-1.14.1.tgz",
			"integrity": "sha512-Xni35NKzjgMrwevysHTCArtLDpPvye8zV/0E4EyYn43P7/7qvQwPh9BGkHewbMulVntbigmcT7rdX3BNo9wRJg=="
		}
	}
}
