{
    "name": "@toloka-tb/plugin.hotkeys",
    "version": "1.4.3",
    "lockfileVersion": 1,
    "requires": true,
    "dependencies": {
        "@types/convert-layout": {
            "version": "0.5.1",
            "resolved": "https://registry.npmjs.org/@types/convert-layout/-/convert-layout-0.5.1.tgz",
            "integrity": "sha512-XvVVk2SBGAXOxsDg/WZ1fbX2oMZDZbU/e37MIDBnnRdw7iAHO0LVslUiPsI4IO52f6YJO/W84PT5nFcRpZRxvg==",
            "dev": true
        },
        "@types/mousetrap": {
            "version": "1.6.0",
            "resolved": "https://registry.npmjs.org/@types/mousetrap/-/mousetrap-1.6.0.tgz",
            "integrity": "sha512-Jn2cF8X6RAMiSmJaATGjf2r3GzIfpZQpvnQhKprQ5sAbMaNXc7hc9sA2XHdMl3bEMEQhTV79JVW7n4Pgg7sjtg=="
        },
        "convert-layout": {
            "version": "0.8.1",
            "resolved": "https://registry.npmjs.org/convert-layout/-/convert-layout-0.8.1.tgz",
            "integrity": "sha512-ndTAI4HwaI1VFyDDShV68+ehiPtsQE10dxS2pUIKK7kNoANNLfbocba7kXuabApX7+haOlwOIdhVO9lVsaoo4w=="
        },
        "mousetrap": {
            "version": "1.6.5",
            "resolved": "https://registry.npmjs.org/mousetrap/-/mousetrap-1.6.5.tgz",
            "integrity": "sha512-QNo4kEepaIBwiT8CDhP98umTetp+JNfQYBWvC1pc6/OAibuXtRcxZ58Qz8skvEHYvURne/7R8T5VoOI7rDsEUA=="
        }
    }
}
