{
    "name": "@toloka-tb/editor.preview",
    "version": "1.20.0",
    "lockfileVersion": 2,
    "requires": true,
    "packages": {
        "": {
            "name": "@toloka-tb/editor.preview",
            "version": "1.20.0",
            "dependencies": {
                "classnames": "2.2.6",
                "microtip": "0.2.2",
                "mobx-react-lite": "1.5.2"
            },
            "devDependencies": {
                "@types/classnames": "2.2.9",
                "@types/react": "16.9.34",
                "@types/react-dom": "16.9.5",
                "mobx": "5.15.4",
                "react-intl": "5.10.4",
                "typescript": "3.8.3"
            }
        },
        "node_modules/@formatjs/ecma402-abstract": {
            "version": "1.5.0",
            "resolved": "https://registry.npmjs.org/@formatjs/ecma402-abstract/-/ecma402-abstract-1.5.0.tgz",
            "integrity": "sha512-wXv36yo+mfWllweN0Fq7sUs7PUiNopn7I0JpLTe3hGu6ZMR4CV7LqK1llhB18pndwpKoafQKb1et2DCJAOW20Q==",
            "dev": true,
            "dependencies": {
                "tslib": "^2.0.1"
            }
        },
        "node_modules/@formatjs/intl": {
            "version": "1.4.8",
            "resolved": "https://registry.npmjs.org/@formatjs/intl/-/intl-1.4.8.tgz",
            "integrity": "sha512-eeRFrE1JN51Eq1vc4s7pDUHkFMbpVIViYqzZWLrdZrPgp30ReQNXTSGqX/nWmhVL4eghEMp9uc4F6cmHLT03PQ==",
            "dev": true,
            "dependencies": {
                "@formatjs/ecma402-abstract": "1.5.0",
                "@formatjs/intl-datetimeformat": "3.0.0",
                "@formatjs/intl-displaynames": "4.0.0",
                "@formatjs/intl-listformat": "5.0.0",
                "@formatjs/intl-relativetimeformat": "8.0.0",
                "fast-memoize": "^2.5.2",
                "intl-messageformat": "9.3.19",
                "intl-messageformat-parser": "6.0.17",
                "tslib": "^2.0.1"
            }
        },
        "node_modules/@formatjs/intl-datetimeformat": {
            "version": "3.0.0",
            "resolved": "https://registry.npmjs.org/@formatjs/intl-datetimeformat/-/intl-datetimeformat-3.0.0.tgz",
            "integrity": "sha512-OMwfiTv5Bqbp+PFA0CTOk4WkZkEBf1inJ5Sj9utdjsH0oEOwFtK43mzZaGgS9CV3ihzTUHl23RL8Yv2Tg1oNNQ==",
            "dev": true,
            "dependencies": {
                "@formatjs/ecma402-abstract": "1.5.0",
                "tslib": "^2.0.1"
            }
        },
        "node_modules/@formatjs/intl-displaynames": {
            "version": "4.0.0",
            "resolved": "https://registry.npmjs.org/@formatjs/intl-displaynames/-/intl-displaynames-4.0.0.tgz",
            "integrity": "sha512-RWjoUIV2X3jKgTDIiTqj005rz/P91u6WARHkj+qpDSthN21FNUIeFeGcWz95tLj7oSfY1QYAF/oYgvxOD/APww==",
            "dev": true,
            "dependencies": {
                "@formatjs/ecma402-abstract": "1.5.0",
                "tslib": "^2.0.1"
            }
        },
        "node_modules/@formatjs/intl-listformat": {
            "version": "5.0.0",
            "resolved": "https://registry.npmjs.org/@formatjs/intl-listformat/-/intl-listformat-5.0.0.tgz",
            "integrity": "sha512-AhkjgvZU50mKtWGNLoTctRGkLkIp1YKcQ7qemPsfNGIoaGwDfKEz/bYO+Yob5qJrBhvZEcFurw1RX+6zo6WUmQ==",
            "dev": true,
            "dependencies": {
                "@formatjs/ecma402-abstract": "1.5.0",
                "tslib": "^2.0.1"
            }
        },
        "node_modules/@formatjs/intl-relativetimeformat": {
            "version": "8.0.0",
            "resolved": "https://registry.npmjs.org/@formatjs/intl-relativetimeformat/-/intl-relativetimeformat-8.0.0.tgz",
            "integrity": "sha512-GKJvd2+Sx0BJqsKt2rBbkgGAwfBjKVnvlRTZQ+OhgSEOeRBHOtaub1jUx8ScQoS5Xe0RFLvTLL2LSnajg6EXkw==",
            "dev": true,
            "dependencies": {
                "@formatjs/ecma402-abstract": "1.5.0",
                "tslib": "^2.0.1"
            }
        },
        "node_modules/@types/classnames": {
            "version": "2.2.9",
            "resolved": "https://registry.npmjs.org/@types/classnames/-/classnames-2.2.9.tgz",
            "integrity": "sha512-MNl+rT5UmZeilaPxAVs6YaPC2m6aA8rofviZbhbxpPpl61uKodfdQVsBtgJGTqGizEf02oW3tsVe7FYB8kK14A==",
            "dev": true
        },
        "node_modules/@types/hoist-non-react-statics": {
            "version": "3.3.1",
            "resolved": "https://registry.npmjs.org/@types/hoist-non-react-statics/-/hoist-non-react-statics-3.3.1.tgz",
            "integrity": "sha512-iMIqiko6ooLrTh1joXodJK5X9xeEALT1kM5G3ZLhD3hszxBdIEd5C75U834D9mLcINgD4OyZf5uQXjkuYydWvA==",
            "dev": true,
            "dependencies": {
                "@types/react": "*",
                "hoist-non-react-statics": "^3.3.0"
            }
        },
        "node_modules/@types/prop-types": {
            "version": "15.7.5",
            "resolved": "https://registry.npmjs.org/@types/prop-types/-/prop-types-15.7.5.tgz",
            "integrity": "sha512-JCB8C6SnDoQf0cNycqd/35A7MjcnK+ZTqE7judS6o7utxUCg6imJg3QK2qzHKszlTjcj2cn+NwMB2i96ubpj7w==",
            "dev": true
        },
        "node_modules/@types/react": {
            "version": "16.9.34",
            "resolved": "https://registry.npmjs.org/@types/react/-/react-16.9.34.tgz",
            "integrity": "sha512-8AJlYMOfPe1KGLKyHpflCg5z46n0b5DbRfqDksxBLBTUpB75ypDBAO9eCUcjNwE6LCUslwTz00yyG/X9gaVtow==",
            "dev": true,
            "dependencies": {
                "@types/prop-types": "*",
                "csstype": "^2.2.0"
            }
        },
        "node_modules/@types/react-dom": {
            "version": "16.9.5",
            "resolved": "https://registry.npmjs.org/@types/react-dom/-/react-dom-16.9.5.tgz",
            "integrity": "sha512-BX6RQ8s9D+2/gDhxrj8OW+YD4R+8hj7FEM/OJHGNR0KipE1h1mSsf39YeyC81qafkq+N3rU3h3RFbLSwE5VqUg==",
            "dev": true,
            "dependencies": {
                "@types/react": "*"
            }
        },
        "node_modules/classnames": {
            "version": "2.2.6",
            "resolved": "https://registry.npmjs.org/classnames/-/classnames-2.2.6.tgz",
            "integrity": "sha512-JR/iSQOSt+LQIWwrwEzJ9uk0xfN3mTVYMwt1Ir5mUcSN6pU+V4zQFFaJsclJbPuAUQH+yfWef6tm7l1quW3C8Q=="
        },
        "node_modules/csstype": {
            "version": "2.6.21",
            "resolved": "https://registry.npmjs.org/csstype/-/csstype-2.6.21.tgz",
            "integrity": "sha512-Z1PhmomIfypOpoMjRQB70jfvy/wxT50qW08YXO5lMIJkrdq4yOTR+AW7FqutScmB9NkLwxo+jU+kZLbofZZq/w==",
            "dev": true
        },
        "node_modules/fast-memoize": {
            "version": "2.5.2",
            "resolved": "https://registry.npmjs.org/fast-memoize/-/fast-memoize-2.5.2.tgz",
            "integrity": "sha512-Ue0LwpDYErFbmNnZSF0UH6eImUwDmogUO1jyE+JbN2gsQz/jICm1Ve7t9QT0rNSsfJt+Hs4/S3GnsDVjL4HVrw==",
            "dev": true
        },
        "node_modules/hoist-non-react-statics": {
            "version": "3.3.2",
            "resolved": "https://registry.npmjs.org/hoist-non-react-statics/-/hoist-non-react-statics-3.3.2.tgz",
            "integrity": "sha512-/gGivxi8JPKWNm/W0jSmzcMPpfpPLc3dY/6GxhX2hQ9iGj3aDfklV4ET7NjKpSinLpJ5vafa9iiGIEZg10SfBw==",
            "dev": true,
            "dependencies": {
                "react-is": "^16.7.0"
            }
        },
        "node_modules/intl-messageformat": {
            "version": "9.3.19",
            "resolved": "https://registry.npmjs.org/intl-messageformat/-/intl-messageformat-9.3.19.tgz",
            "integrity": "sha512-QUo4w7XjHzwUBPe3TWjh2UoQ6H/zLiMlL0rYHSXeBRjDd2QLez9ZvuPtAHfkmBUxr3l548dVVylh6v/2I7vSYw==",
            "dev": true,
            "dependencies": {
                "fast-memoize": "^2.5.2",
                "intl-messageformat-parser": "6.0.17",
                "tslib": "^2.0.1"
            }
        },
        "node_modules/intl-messageformat-parser": {
            "version": "6.0.17",
            "resolved": "https://registry.npmjs.org/intl-messageformat-parser/-/intl-messageformat-parser-6.0.17.tgz",
            "integrity": "sha512-YLzTGKk+tXm0tuEuaATJjVl4C9HNjwC4VslrWQI9vQez1z7czbdmbNQD4ftXiAMLy/Pla+UxyH4jZt9UzI8Y4w==",
            "deprecated": "We've written a new parser that's 6x faster and is backwards compatible. Please use @formatjs/icu-messageformat-parser",
            "dev": true,
            "dependencies": {
                "@formatjs/ecma402-abstract": "1.5.0",
                "tslib": "^2.0.1"
            }
        },
        "node_modules/microtip": {
            "version": "0.2.2",
            "resolved": "https://registry.npmjs.org/microtip/-/microtip-0.2.2.tgz",
            "integrity": "sha512-oah38eH5vSHVFP6yXjbKWOYt92mav++0j3zh844h1vhOscqEg7Rf4agDEIwUTFCcAPPdlhYUQMe6eZfHgD+4oQ=="
        },
        "node_modules/mobx": {
            "version": "5.15.4",
            "resolved": "https://registry.npmjs.org/mobx/-/mobx-5.15.4.tgz",
            "integrity": "sha512-xRFJxSU2Im3nrGCdjSuOTFmxVDGeqOHL+TyADCGbT0k4HHqGmx5u2yaHNryvoORpI4DfbzjJ5jPmuv+d7sioFw==",
            "dev": true,
            "funding": {
                "type": "opencollective",
                "url": "https://opencollective.com/mobx"
            }
        },
        "node_modules/mobx-react-lite": {
            "version": "1.5.2",
            "resolved": "https://registry.npmjs.org/mobx-react-lite/-/mobx-react-lite-1.5.2.tgz",
            "integrity": "sha512-PyZmARqqWtpuQaAoHF5pKX7h6TKNLwq6vtovm4zZvG6sEbMRHHSqioGXSeQbpRmG8Kw8uln3q/W1yMO5IfL5Sg==",
            "peerDependencies": {
                "mobx": "^4.0.0 || ^5.0.0",
                "react": "^16.8.0"
            }
        },
        "node_modules/react-intl": {
            "version": "5.10.4",
            "resolved": "https://registry.npmjs.org/react-intl/-/react-intl-5.10.4.tgz",
            "integrity": "sha512-V/8OnERUc1L/9I4svwc7de0rP0nHohNnxn9S2YCjsO4RBd0pf10+TovFeQjM4m1NSWX+IfJDEEAHCg6lKbhpDg==",
            "dev": true,
            "dependencies": {
                "@formatjs/ecma402-abstract": "1.5.0",
                "@formatjs/intl": "1.4.8",
                "@formatjs/intl-displaynames": "4.0.0",
                "@formatjs/intl-listformat": "5.0.0",
                "@formatjs/intl-relativetimeformat": "8.0.0",
                "@types/hoist-non-react-statics": "^3.3.1",
                "fast-memoize": "^2.5.2",
                "hoist-non-react-statics": "^3.3.2",
                "intl-messageformat": "9.3.19",
                "intl-messageformat-parser": "6.0.17",
                "shallow-equal": "^1.2.1",
                "tslib": "^2.0.1"
            },
            "peerDependencies": {
                "react": "^16.3.0 || 17",
                "typescript": "4"
            },
            "peerDependenciesMeta": {
                "typescript": {
                    "optional": true
                }
            }
        },
        "node_modules/react-is": {
            "version": "16.13.1",
            "resolved": "https://registry.npmjs.org/react-is/-/react-is-16.13.1.tgz",
            "integrity": "sha512-24e6ynE2H+OKt4kqsOvNd8kBpV65zoxbA4BVsEOB3ARVWQki/DHzaUoC5KuON/BiccDaCCTZBuOcfZs70kR8bQ==",
            "dev": true
        },
        "node_modules/shallow-equal": {
            "version": "1.2.1",
            "resolved": "https://registry.npmjs.org/shallow-equal/-/shallow-equal-1.2.1.tgz",
            "integrity": "sha512-S4vJDjHHMBaiZuT9NPb616CSmLf618jawtv3sufLl6ivK8WocjAo58cXwbRV1cgqxH0Qbv+iUt6m05eqEa2IRA==",
            "dev": true
        },
        "node_modules/tslib": {
            "version": "2.6.2",
            "resolved": "https://registry.npmjs.org/tslib/-/tslib-2.6.2.tgz",
            "integrity": "sha512-AEYxH93jGFPn/a2iVAwW87VuUIkR1FVUKB77NwMF7nBTDkDrrT/Hpt/IrCJ0QXhW27jTBDcf5ZY7w6RiqTMw2Q==",
            "dev": true
        },
        "node_modules/typescript": {
            "version": "3.8.3",
            "resolved": "https://registry.npmjs.org/typescript/-/typescript-3.8.3.tgz",
            "integrity": "sha512-MYlEfn5VrLNsgudQTVJeNaQFUAI7DkhnOjdpAp4T+ku1TfQClewlbSuTVHiA+8skNBgaf02TL/kLOvig4y3G8w==",
            "dev": true,
            "bin": {
                "tsc": "bin/tsc",
                "tsserver": "bin/tsserver"
            },
            "engines": {
                "node": ">=4.2.0"
            }
        }
    },
    "dependencies": {
        "@formatjs/ecma402-abstract": {
            "version": "1.5.0",
            "resolved": "https://registry.npmjs.org/@formatjs/ecma402-abstract/-/ecma402-abstract-1.5.0.tgz",
            "integrity": "sha512-wXv36yo+mfWllweN0Fq7sUs7PUiNopn7I0JpLTe3hGu6ZMR4CV7LqK1llhB18pndwpKoafQKb1et2DCJAOW20Q==",
            "dev": true,
            "requires": {
                "tslib": "^2.0.1"
            }
        },
        "@formatjs/intl": {
            "version": "1.4.8",
            "resolved": "https://registry.npmjs.org/@formatjs/intl/-/intl-1.4.8.tgz",
            "integrity": "sha512-eeRFrE1JN51Eq1vc4s7pDUHkFMbpVIViYqzZWLrdZrPgp30ReQNXTSGqX/nWmhVL4eghEMp9uc4F6cmHLT03PQ==",
            "dev": true,
            "requires": {
                "@formatjs/ecma402-abstract": "1.5.0",
                "@formatjs/intl-datetimeformat": "3.0.0",
                "@formatjs/intl-displaynames": "4.0.0",
                "@formatjs/intl-listformat": "5.0.0",
                "@formatjs/intl-relativetimeformat": "8.0.0",
                "fast-memoize": "^2.5.2",
                "intl-messageformat": "9.3.19",
                "intl-messageformat-parser": "6.0.17",
                "tslib": "^2.0.1"
            }
        },
        "@formatjs/intl-datetimeformat": {
            "version": "3.0.0",
            "resolved": "https://registry.npmjs.org/@formatjs/intl-datetimeformat/-/intl-datetimeformat-3.0.0.tgz",
            "integrity": "sha512-OMwfiTv5Bqbp+PFA0CTOk4WkZkEBf1inJ5Sj9utdjsH0oEOwFtK43mzZaGgS9CV3ihzTUHl23RL8Yv2Tg1oNNQ==",
            "dev": true,
            "requires": {
                "@formatjs/ecma402-abstract": "1.5.0",
                "tslib": "^2.0.1"
            }
        },
        "@formatjs/intl-displaynames": {
            "version": "4.0.0",
            "resolved": "https://registry.npmjs.org/@formatjs/intl-displaynames/-/intl-displaynames-4.0.0.tgz",
            "integrity": "sha512-RWjoUIV2X3jKgTDIiTqj005rz/P91u6WARHkj+qpDSthN21FNUIeFeGcWz95tLj7oSfY1QYAF/oYgvxOD/APww==",
            "dev": true,
            "requires": {
                "@formatjs/ecma402-abstract": "1.5.0",
                "tslib": "^2.0.1"
            }
        },
        "@formatjs/intl-listformat": {
            "version": "5.0.0",
            "resolved": "https://registry.npmjs.org/@formatjs/intl-listformat/-/intl-listformat-5.0.0.tgz",
            "integrity": "sha512-AhkjgvZU50mKtWGNLoTctRGkLkIp1YKcQ7qemPsfNGIoaGwDfKEz/bYO+Yob5qJrBhvZEcFurw1RX+6zo6WUmQ==",
            "dev": true,
            "requires": {
                "@formatjs/ecma402-abstract": "1.5.0",
                "tslib": "^2.0.1"
            }
        },
        "@formatjs/intl-relativetimeformat": {
            "version": "8.0.0",
            "resolved": "https://registry.npmjs.org/@formatjs/intl-relativetimeformat/-/intl-relativetimeformat-8.0.0.tgz",
            "integrity": "sha512-GKJvd2+Sx0BJqsKt2rBbkgGAwfBjKVnvlRTZQ+OhgSEOeRBHOtaub1jUx8ScQoS5Xe0RFLvTLL2LSnajg6EXkw==",
            "dev": true,
            "requires": {
                "@formatjs/ecma402-abstract": "1.5.0",
                "tslib": "^2.0.1"
            }
        },
        "@types/classnames": {
            "version": "2.2.9",
            "resolved": "https://registry.npmjs.org/@types/classnames/-/classnames-2.2.9.tgz",
            "integrity": "sha512-MNl+rT5UmZeilaPxAVs6YaPC2m6aA8rofviZbhbxpPpl61uKodfdQVsBtgJGTqGizEf02oW3tsVe7FYB8kK14A==",
            "dev": true
        },
        "@types/hoist-non-react-statics": {
            "version": "3.3.1",
            "resolved": "https://registry.npmjs.org/@types/hoist-non-react-statics/-/hoist-non-react-statics-3.3.1.tgz",
            "integrity": "sha512-iMIqiko6ooLrTh1joXodJK5X9xeEALT1kM5G3ZLhD3hszxBdIEd5C75U834D9mLcINgD4OyZf5uQXjkuYydWvA==",
            "dev": true,
            "requires": {
                "@types/react": "*",
                "hoist-non-react-statics": "^3.3.0"
            }
        },
        "@types/prop-types": {
            "version": "15.7.5",
            "resolved": "https://registry.npmjs.org/@types/prop-types/-/prop-types-15.7.5.tgz",
            "integrity": "sha512-JCB8C6SnDoQf0cNycqd/35A7MjcnK+ZTqE7judS6o7utxUCg6imJg3QK2qzHKszlTjcj2cn+NwMB2i96ubpj7w==",
            "dev": true
        },
        "@types/react": {
            "version": "16.9.34",
            "resolved": "https://registry.npmjs.org/@types/react/-/react-16.9.34.tgz",
            "integrity": "sha512-8AJlYMOfPe1KGLKyHpflCg5z46n0b5DbRfqDksxBLBTUpB75ypDBAO9eCUcjNwE6LCUslwTz00yyG/X9gaVtow==",
            "dev": true,
            "requires": {
                "@types/prop-types": "*",
                "csstype": "^2.2.0"
            }
        },
        "@types/react-dom": {
            "version": "16.9.5",
            "resolved": "https://registry.npmjs.org/@types/react-dom/-/react-dom-16.9.5.tgz",
            "integrity": "sha512-BX6RQ8s9D+2/gDhxrj8OW+YD4R+8hj7FEM/OJHGNR0KipE1h1mSsf39YeyC81qafkq+N3rU3h3RFbLSwE5VqUg==",
            "dev": true,
            "requires": {
                "@types/react": "*"
            }
        },
        "classnames": {
            "version": "2.2.6",
            "resolved": "https://registry.npmjs.org/classnames/-/classnames-2.2.6.tgz",
            "integrity": "sha512-JR/iSQOSt+LQIWwrwEzJ9uk0xfN3mTVYMwt1Ir5mUcSN6pU+V4zQFFaJsclJbPuAUQH+yfWef6tm7l1quW3C8Q=="
        },
        "csstype": {
            "version": "2.6.21",
            "resolved": "https://registry.npmjs.org/csstype/-/csstype-2.6.21.tgz",
            "integrity": "sha512-Z1PhmomIfypOpoMjRQB70jfvy/wxT50qW08YXO5lMIJkrdq4yOTR+AW7FqutScmB9NkLwxo+jU+kZLbofZZq/w==",
            "dev": true
        },
        "fast-memoize": {
            "version": "2.5.2",
            "resolved": "https://registry.npmjs.org/fast-memoize/-/fast-memoize-2.5.2.tgz",
            "integrity": "sha512-Ue0LwpDYErFbmNnZSF0UH6eImUwDmogUO1jyE+JbN2gsQz/jICm1Ve7t9QT0rNSsfJt+Hs4/S3GnsDVjL4HVrw==",
            "dev": true
        },
        "hoist-non-react-statics": {
            "version": "3.3.2",
            "resolved": "https://registry.npmjs.org/hoist-non-react-statics/-/hoist-non-react-statics-3.3.2.tgz",
            "integrity": "sha512-/gGivxi8JPKWNm/W0jSmzcMPpfpPLc3dY/6GxhX2hQ9iGj3aDfklV4ET7NjKpSinLpJ5vafa9iiGIEZg10SfBw==",
            "dev": true,
            "requires": {
                "react-is": "^16.7.0"
            }
        },
        "intl-messageformat": {
            "version": "9.3.19",
            "resolved": "https://registry.npmjs.org/intl-messageformat/-/intl-messageformat-9.3.19.tgz",
            "integrity": "sha512-QUo4w7XjHzwUBPe3TWjh2UoQ6H/zLiMlL0rYHSXeBRjDd2QLez9ZvuPtAHfkmBUxr3l548dVVylh6v/2I7vSYw==",
            "dev": true,
            "requires": {
                "fast-memoize": "^2.5.2",
                "intl-messageformat-parser": "6.0.17",
                "tslib": "^2.0.1"
            }
        },
        "intl-messageformat-parser": {
            "version": "6.0.17",
            "resolved": "https://registry.npmjs.org/intl-messageformat-parser/-/intl-messageformat-parser-6.0.17.tgz",
            "integrity": "sha512-YLzTGKk+tXm0tuEuaATJjVl4C9HNjwC4VslrWQI9vQez1z7czbdmbNQD4ftXiAMLy/Pla+UxyH4jZt9UzI8Y4w==",
            "dev": true,
            "requires": {
                "@formatjs/ecma402-abstract": "1.5.0",
                "tslib": "^2.0.1"
            }
        },
        "microtip": {
            "version": "0.2.2",
            "resolved": "https://registry.npmjs.org/microtip/-/microtip-0.2.2.tgz",
            "integrity": "sha512-oah38eH5vSHVFP6yXjbKWOYt92mav++0j3zh844h1vhOscqEg7Rf4agDEIwUTFCcAPPdlhYUQMe6eZfHgD+4oQ=="
        },
        "mobx": {
            "version": "5.15.4",
            "resolved": "https://registry.npmjs.org/mobx/-/mobx-5.15.4.tgz",
            "integrity": "sha512-xRFJxSU2Im3nrGCdjSuOTFmxVDGeqOHL+TyADCGbT0k4HHqGmx5u2yaHNryvoORpI4DfbzjJ5jPmuv+d7sioFw==",
            "dev": true
        },
        "mobx-react-lite": {
            "version": "1.5.2",
            "resolved": "https://registry.npmjs.org/mobx-react-lite/-/mobx-react-lite-1.5.2.tgz",
            "integrity": "sha512-PyZmARqqWtpuQaAoHF5pKX7h6TKNLwq6vtovm4zZvG6sEbMRHHSqioGXSeQbpRmG8Kw8uln3q/W1yMO5IfL5Sg=="
        },
        "react-intl": {
            "version": "5.10.4",
            "resolved": "https://registry.npmjs.org/react-intl/-/react-intl-5.10.4.tgz",
            "integrity": "sha512-V/8OnERUc1L/9I4svwc7de0rP0nHohNnxn9S2YCjsO4RBd0pf10+TovFeQjM4m1NSWX+IfJDEEAHCg6lKbhpDg==",
            "dev": true,
            "requires": {
                "@formatjs/ecma402-abstract": "1.5.0",
                "@formatjs/intl": "1.4.8",
                "@formatjs/intl-displaynames": "4.0.0",
                "@formatjs/intl-listformat": "5.0.0",
                "@formatjs/intl-relativetimeformat": "8.0.0",
                "@types/hoist-non-react-statics": "^3.3.1",
                "fast-memoize": "^2.5.2",
                "hoist-non-react-statics": "^3.3.2",
                "intl-messageformat": "9.3.19",
                "intl-messageformat-parser": "6.0.17",
                "shallow-equal": "^1.2.1",
                "tslib": "^2.0.1"
            }
        },
        "react-is": {
            "version": "16.13.1",
            "resolved": "https://registry.npmjs.org/react-is/-/react-is-16.13.1.tgz",
            "integrity": "sha512-24e6ynE2H+OKt4kqsOvNd8kBpV65zoxbA4BVsEOB3ARVWQki/DHzaUoC5KuON/BiccDaCCTZBuOcfZs70kR8bQ==",
            "dev": true
        },
        "shallow-equal": {
            "version": "1.2.1",
            "resolved": "https://registry.npmjs.org/shallow-equal/-/shallow-equal-1.2.1.tgz",
            "integrity": "sha512-S4vJDjHHMBaiZuT9NPb616CSmLf618jawtv3sufLl6ivK8WocjAo58cXwbRV1cgqxH0Qbv+iUt6m05eqEa2IRA==",
            "dev": true
        },
        "tslib": {
            "version": "2.6.2",
            "resolved": "https://registry.npmjs.org/tslib/-/tslib-2.6.2.tgz",
            "integrity": "sha512-AEYxH93jGFPn/a2iVAwW87VuUIkR1FVUKB77NwMF7nBTDkDrrT/Hpt/IrCJ0QXhW27jTBDcf5ZY7w6RiqTMw2Q==",
            "dev": true
        },
        "typescript": {
            "version": "3.8.3",
            "resolved": "https://registry.npmjs.org/typescript/-/typescript-3.8.3.tgz",
            "integrity": "sha512-MYlEfn5VrLNsgudQTVJeNaQFUAI7DkhnOjdpAp4T+ku1TfQClewlbSuTVHiA+8skNBgaf02TL/kLOvig4y3G8w==",
            "dev": true
        }
    }
}
