{
    "name": "@toloka-tb/editor.pane",
    "version": "1.5.5",
    "lockfileVersion": 2,
    "requires": true,
    "packages": {
        "": {
            "name": "@toloka-tb/editor.pane",
            "version": "1.5.5",
            "dependencies": {
                "classnames": "2.2.6"
            },
            "devDependencies": {
                "@types/classnames": "2.2.9",
                "@types/react": "16.9.34",
                "@types/react-dom": "16.9.5",
                "typescript": "3.8.3"
            }
        },
        "node_modules/@types/classnames": {
            "version": "2.2.9",
            "resolved": "https://registry.npmjs.org/@types/classnames/-/classnames-2.2.9.tgz",
            "integrity": "sha512-MNl+rT5UmZeilaPxAVs6YaPC2m6aA8rofviZbhbxpPpl61uKodfdQVsBtgJGTqGizEf02oW3tsVe7FYB8kK14A==",
            "dev": true
        },
        "node_modules/@types/prop-types": {
            "version": "15.7.5",
            "resolved": "https://registry.npmjs.org/@types/prop-types/-/prop-types-15.7.5.tgz",
            "integrity": "sha512-JCB8C6SnDoQf0cNycqd/35A7MjcnK+ZTqE7judS6o7utxUCg6imJg3QK2qzHKszlTjcj2cn+NwMB2i96ubpj7w==",
            "dev": true
        },
        "node_modules/@types/react": {
            "version": "16.9.34",
            "resolved": "https://registry.npmjs.org/@types/react/-/react-16.9.34.tgz",
            "integrity": "sha512-8AJlYMOfPe1KGLKyHpflCg5z46n0b5DbRfqDksxBLBTUpB75ypDBAO9eCUcjNwE6LCUslwTz00yyG/X9gaVtow==",
            "dev": true,
            "dependencies": {
                "@types/prop-types": "*",
                "csstype": "^2.2.0"
            }
        },
        "node_modules/@types/react-dom": {
            "version": "16.9.5",
            "resolved": "https://registry.npmjs.org/@types/react-dom/-/react-dom-16.9.5.tgz",
            "integrity": "sha512-BX6RQ8s9D+2/gDhxrj8OW+YD4R+8hj7FEM/OJHGNR0KipE1h1mSsf39YeyC81qafkq+N3rU3h3RFbLSwE5VqUg==",
            "dev": true,
            "dependencies": {
                "@types/react": "*"
            }
        },
        "node_modules/classnames": {
            "version": "2.2.6",
            "resolved": "https://registry.npmjs.org/classnames/-/classnames-2.2.6.tgz",
            "integrity": "sha512-JR/iSQOSt+LQIWwrwEzJ9uk0xfN3mTVYMwt1Ir5mUcSN6pU+V4zQFFaJsclJbPuAUQH+yfWef6tm7l1quW3C8Q=="
        },
        "node_modules/csstype": {
            "version": "2.6.21",
            "resolved": "https://registry.npmjs.org/csstype/-/csstype-2.6.21.tgz",
            "integrity": "sha512-Z1PhmomIfypOpoMjRQB70jfvy/wxT50qW08YXO5lMIJkrdq4yOTR+AW7FqutScmB9NkLwxo+jU+kZLbofZZq/w==",
            "dev": true
        },
        "node_modules/typescript": {
            "version": "3.8.3",
            "resolved": "https://registry.npmjs.org/typescript/-/typescript-3.8.3.tgz",
            "integrity": "sha512-MYlEfn5VrLNsgudQTVJeNaQFUAI7DkhnOjdpAp4T+ku1TfQClewlbSuTVHiA+8skNBgaf02TL/kLOvig4y3G8w==",
            "dev": true,
            "bin": {
                "tsc": "bin/tsc",
                "tsserver": "bin/tsserver"
            },
            "engines": {
                "node": ">=4.2.0"
            }
        }
    },
    "dependencies": {
        "@types/classnames": {
            "version": "2.2.9",
            "resolved": "https://registry.npmjs.org/@types/classnames/-/classnames-2.2.9.tgz",
            "integrity": "sha512-MNl+rT5UmZeilaPxAVs6YaPC2m6aA8rofviZbhbxpPpl61uKodfdQVsBtgJGTqGizEf02oW3tsVe7FYB8kK14A==",
            "dev": true
        },
        "@types/prop-types": {
            "version": "15.7.5",
            "resolved": "https://registry.npmjs.org/@types/prop-types/-/prop-types-15.7.5.tgz",
            "integrity": "sha512-JCB8C6SnDoQf0cNycqd/35A7MjcnK+ZTqE7judS6o7utxUCg6imJg3QK2qzHKszlTjcj2cn+NwMB2i96ubpj7w==",
            "dev": true
        },
        "@types/react": {
            "version": "16.9.34",
            "resolved": "https://registry.npmjs.org/@types/react/-/react-16.9.34.tgz",
            "integrity": "sha512-8AJlYMOfPe1KGLKyHpflCg5z46n0b5DbRfqDksxBLBTUpB75ypDBAO9eCUcjNwE6LCUslwTz00yyG/X9gaVtow==",
            "dev": true,
            "requires": {
                "@types/prop-types": "*",
                "csstype": "^2.2.0"
            }
        },
        "@types/react-dom": {
            "version": "16.9.5",
            "resolved": "https://registry.npmjs.org/@types/react-dom/-/react-dom-16.9.5.tgz",
            "integrity": "sha512-BX6RQ8s9D+2/gDhxrj8OW+YD4R+8hj7FEM/OJHGNR0KipE1h1mSsf39YeyC81qafkq+N3rU3h3RFbLSwE5VqUg==",
            "dev": true,
            "requires": {
                "@types/react": "*"
            }
        },
        "classnames": {
            "version": "2.2.6",
            "resolved": "https://registry.npmjs.org/classnames/-/classnames-2.2.6.tgz",
            "integrity": "sha512-JR/iSQOSt+LQIWwrwEzJ9uk0xfN3mTVYMwt1Ir5mUcSN6pU+V4zQFFaJsclJbPuAUQH+yfWef6tm7l1quW3C8Q=="
        },
        "csstype": {
            "version": "2.6.21",
            "resolved": "https://registry.npmjs.org/csstype/-/csstype-2.6.21.tgz",
            "integrity": "sha512-Z1PhmomIfypOpoMjRQB70jfvy/wxT50qW08YXO5lMIJkrdq4yOTR+AW7FqutScmB9NkLwxo+jU+kZLbofZZq/w==",
            "dev": true
        },
        "typescript": {
            "version": "3.8.3",
            "resolved": "https://registry.npmjs.org/typescript/-/typescript-3.8.3.tgz",
            "integrity": "sha512-MYlEfn5VrLNsgudQTVJeNaQFUAI7DkhnOjdpAp4T+ku1TfQClewlbSuTVHiA+8skNBgaf02TL/kLOvig4y3G8w==",
            "dev": true
        }
    }
}
